<?xml version="1.0" encoding="utf-8"?>
<Project ToolsVersion="4.0" xmlns="http://schemas.microsoft.com/developer/msbuild/2003">
  <ItemGroup>
    <Filter Include="Исходные файлы">
      <UniqueIdentifier>{4FC737F1-C7A5-4376-A066-2A32D752A2FF}</UniqueIdentifier>
      <Extensions>cpp;c;cc;cxx;c++;cppm;ixx;def;odl;idl;hpj;bat;asm;asmx</Extensions>
    </Filter>
    <Filter Include="Файлы заголовков">
      <UniqueIdentifier>{93995380-89BD-4b04-88EB-625FBE52EBFB}</UniqueIdentifier>
      <Extensions>h;hh;hpp;hxx;h++;hm;inl;inc;ipp;xsd</Extensions>
    </Filter>
    <Filter Include="Файлы ресурсов">
      <UniqueIdentifier>{67DA6AB6-F800-4c08-8B7A-83BB121AAD01}</UniqueIdentifier>
      <Extensions>rc;ico;cur;bmp;dlg;rc2;rct;bin;rgs;gif;jpg;jpeg;jpe;resx;tiff;tif;png;wav;mfcribbon-ms</Extensions>
    </Filter>
    <Filter Include="Исходные файлы\tasks">
      <UniqueIdentifier>{86dcdd88-d47d-4869-a1c5-37692ac74bb9}</UniqueIdentifier>
    </Filter>
    <Filter Include="Исходные файлы\tasks\01">
      <UniqueIdentifier>{81762ab1-3440-41c7-94a8-2425767f94ed}</UniqueIdentifier>
    </Filter>
    <Filter Include="Исходные файлы\tasks\02">
      <UniqueIdentifier>{f1bc8da0-1a49-499c-a074-3a13a5112fbb}</UniqueIdentifier>
    </Filter>
    <Filter Include="Исходные файлы\tasks\book-prata">
      <UniqueIdentifier>{8220235c-c515-4bdc-acc7-f9cdd8bdefec}</UniqueIdentifier>
    </Filter>
    <Filter Include="Исходные файлы\tasks\03">
      <UniqueIdentifier>{f8a8ce4e-2ab1-455f-80d3-be8828f110a4}</UniqueIdentifier>
    </Filter>
    <Filter Include="Исходные файлы\tasks\algorithms">
      <UniqueIdentifier>{e87026f0-1a70-49ab-8e58-3792c7add66a}</UniqueIdentifier>
    </Filter>
    <Filter Include="Исходные файлы\tasks\book-prata\hard-for-me">
      <UniqueIdentifier>{174a5e75-0ec7-49fb-be25-d1d4e03e8f39}</UniqueIdentifier>
    </Filter>
    <Filter Include="Исходные файлы\iostream">
      <UniqueIdentifier>{aa8a9555-674f-4140-a9b1-5970c436ba23}</UniqueIdentifier>
    </Filter>
  </ItemGroup>
  <ItemGroup>
    <ClCompile Include="source.cpp">
      <Filter>Исходные файлы</Filter>
    </ClCompile>
    <ClCompile Include="tasks\general\arithmetic.cpp">
      <Filter>Исходные файлы\tasks\01</Filter>
    </ClCompile>
    <ClCompile Include="tasks\ravesli\escape.cpp">
      <Filter>Исходные файлы\tasks\01</Filter>
    </ClCompile>
    <ClCompile Include="tasks\book-prata\branching.cpp">
      <Filter>Исходные файлы\tasks\01</Filter>
    </ClCompile>
    <ClCompile Include="add.cpp">
      <Filter>Исходные файлы</Filter>
    </ClCompile>
    <ClCompile Include="tasks\ravesli\tower.cpp">
      <Filter>Исходные файлы\tasks\01</Filter>
    </ClCompile>
    <ClCompile Include="tasks\general\string.cpp">
      <Filter>Исходные файлы\tasks\02</Filter>
    </ClCompile>
    <ClCompile Include="tasks\book-prata\02gl.cpp">
      <Filter>Исходные файлы\tasks\book-prata</Filter>
    </ClCompile>
    <ClCompile Include="tasks\book-prata\03gl.cpp">
      <Filter>Исходные файлы\tasks\book-prata</Filter>
    </ClCompile>
    <ClCompile Include="tasks\ravesli\cycle.cpp">
      <Filter>Исходные файлы\tasks\02</Filter>
    </ClCompile>
    <ClCompile Include="tasks\ravesli\game-hi-lo.cpp">
      <Filter>Исходные файлы\tasks\03</Filter>
    </ClCompile>
    <ClCompile Include="tasks\general\algorithms.cpp">
      <Filter>Исходные файлы\tasks\algorithms</Filter>
    </ClCompile>
    <ClCompile Include="tasks\book-prata\04gl.cpp">
      <Filter>Исходные файлы\tasks\book-prata</Filter>
    </ClCompile>
    <ClCompile Include="tasks\book-prata\05gl.cpp">
      <Filter>Исходные файлы\tasks\book-prata</Filter>
    </ClCompile>
    <ClCompile Include="hard.cpp">
      <Filter>Исходные файлы\tasks\book-prata\hard-for-me</Filter>
    </ClCompile>
    <ClCompile Include="tasks\book-prata\06gl.cpp">
      <Filter>Исходные файлы\tasks\book-prata</Filter>
    </ClCompile>
    <ClCompile Include="iostream.cpp">
      <Filter>Исходные файлы\iostream</Filter>
    </ClCompile>
    <ClCompile Include="input.cpp">
      <Filter>Исходные файлы</Filter>
    </ClCompile>
    <ClCompile Include="tasks\ravesli\06gl\sortStringArray.cpp">
      <Filter>Исходные файлы</Filter>
    </ClCompile>
    <ClCompile Include="tasks\ravesli\06gl\tasks.cpp">
      <Filter>Исходные файлы</Filter>
    </ClCompile>
    <ClCompile Include="tasks\ravesli\games\cards.cpp">
      <Filter>Исходные файлы</Filter>
    </ClCompile>
  </ItemGroup>
  <ItemGroup>
    <ClInclude Include="add.h">
      <Filter>Файлы заголовков</Filter>
    </ClInclude>
    <ClInclude Include="constants.h">
      <Filter>Файлы заголовков</Filter>
    </ClInclude>
    <ClInclude Include="boo.h">
      <Filter>Файлы заголовков</Filter>
    </ClInclude>
    <ClInclude Include="doo.h">
      <Filter>Файлы заголовков</Filter>
    </ClInclude>
  </ItemGroup>
</Project>